
Microsoft Visual Studio Solution File, Format Version 12.00
# Visual Studio Version 16
VisualStudioVersion = 16.0.29519.87
MinimumVisualStudioVersion = 10.0.40219.1
Project("{FAE04EC0-301F-11D3-BF4B-00C04F79EFBC}") = "AutomatedLab.Feed", "AutomatedLab.Feed\AutomatedLab.Feed.csproj", "{C4B5E6E9-B14F-4F49-B52A-F61AE5F35681}"
EndProject
Global
	GlobalSection(SolutionConfigurationPlatforms) = preSolution
		Debug|Any CPU = Debug|Any CPU
		Release|Any CPU = Release|Any CPU
	EndGlobalSection
	GlobalSection(ProjectConfigurationPlatforms) = postSolution
		{C4B5E6E9-B14F-4F49-B52A-F61AE5F35681}.Debug|Any CPU.ActiveCfg = Debug|Any CPU
		{C4B5E6E9-B14F-4F49-B52A-F61AE5F35681}.Debug|Any CPU.Build.0 = Debug|Any CPU
		{C4B5E6E9-B14F-4F49-B52A-F61AE5F35681}.Release|Any CPU.ActiveCfg = Release|Any CPU
		{C4B5E6E9-B14F-4F49-B52A-F61AE5F35681}.Release|Any CPU.Build.0 = Release|Any CPU
	EndGlobalSection
	GlobalSection(SolutionProperties) = preSolution
		HideSolutionNode = FALSE
	EndGlobalSection
	GlobalSection(ExtensibilityGlobals) = postSolution
		SolutionGuid = {54016FDD-0519-40FD-892B-B4BA715002A0}
	EndGlobalSection
EndGlobal
